
Microsoft Visual Studio Solution File, Format Version 12.00
Project("{FAE04EC0-301F-11D3-BF4B-00C04F79EFBC}") = "IOTApp", "IOTApp\IOTApp.csproj", "{980B054B-8866-4F68-A53E-818E8854AE7D}"
EndProject
Global
	GlobalSection(SolutionConfigurationPlatforms) = preSolution
		Debug|Any CPU = Debug|Any CPU
		Release|Any CPU = Release|Any CPU
	EndGlobalSection
	GlobalSection(ProjectConfigurationPlatforms) = postSolution
		{980B054B-8866-4F68-A53E-818E8854AE7D}.Debug|Any CPU.ActiveCfg = Debug|Any CPU
		{980B054B-8866-4F68-A53E-818E8854AE7D}.Debug|Any CPU.Build.0 = Debug|Any CPU
		{980B054B-8866-4F68-A53E-818E8854AE7D}.Release|Any CPU.ActiveCfg = Release|Any CPU
		{980B054B-8866-4F68-A53E-818E8854AE7D}.Release|Any CPU.Build.0 = Release|Any CPU
	EndGlobalSection
EndGlobal
